
Microsoft Visual Studio Solution File, Format Version 12.00
# Visual Studio Version 16
VisualStudioVersion = 16.0.29503.13
MinimumVisualStudioVersion = 10.0.40219.1
Project("{FAE04EC0-301F-11D3-BF4B-00C04F79EFBC}") = "ConsoleApp1", "ConsoleApp1.csproj", "{F3641234-F5C7-404E-9860-B3E6226E6195}"
EndProject
Global
	GlobalSection(SolutionConfigurationPlatforms) = preSolution
		Debug|Any CPU = Debug|Any CPU
		Release|Any CPU = Release|Any CPU
	EndGlobalSection
	GlobalSection(ProjectConfigurationPlatforms) = postSolution
		{F3641234-F5C7-404E-9860-B3E6226E6195}.Debug|Any CPU.ActiveCfg = Debug|Any CPU
		{F3641234-F5C7-404E-9860-B3E6226E6195}.Debug|Any CPU.Build.0 = Debug|Any CPU
		{F3641234-F5C7-404E-9860-B3E6226E6195}.Release|Any CPU.ActiveCfg = Release|Any CPU
		{F3641234-F5C7-404E-9860-B3E6226E6195}.Release|Any CPU.Build.0 = Release|Any CPU
	EndGlobalSection
	GlobalSection(SolutionProperties) = preSolution
		HideSolutionNode = FALSE
	EndGlobalSection
	GlobalSection(ExtensibilityGlobals) = postSolution
		SolutionGuid = {887172B0-8A05-4DE1-8961-CD1FE8F686DB}
	EndGlobalSection
EndGlobal
